// !$*UTF8*$!
{
	archiveVersion = 1;
	classes = {
	};
	objectVersion = 50;
	objects = {

/* Begin PBXBuildFile section */
		23397CA6252DEA460078D3B9 /* test22App.swift in Sources */ = {isa = PBXBuildFile; fileRef = 23397CA5252DEA460078D3B9 /* test22App.swift */; };
		23397CA8252DEA460078D3B9 /* 5.swift in Sources */ = {isa = PBXBuildFile; fileRef = 23397CA7252DEA460078D3B9 /* 5.swift */; };
		23397CAA252DEA460078D3B9 /* Assets.xcassets in Resources */ = {isa = PBXBuildFile; fileRef = 23397CA9252DEA460078D3B9 /* Assets.xcassets */; };
		23397CAD252DEA460078D3B9 /* Preview Assets.xcassets in Resources */ = {isa = PBXBuildFile; fileRef = 23397CAC252DEA460078D3B9 /* Preview Assets.xcassets */; };
		23397CB7252E0E060078D3B9 /* multiplication.swift in Sources */ = {isa = PBXBuildFile; fileRef = 23397CB6252E0E060078D3B9 /* multiplication.swift */; };
		234B6079252EBC75008C2284 /* GoodJob.swift in Sources */ = {isa = PBXBuildFile; fileRef = 234B6078252EBC75008C2284 /* GoodJob.swift */; };
		234B607C252ECBE6008C2284 /* preview.mp3 in Resources */ = {isa = PBXBuildFile; fileRef = 234B607B252ECBE6008C2284 /* preview.mp3 */; };
		234B607F252ECDA2008C2284 /* RongAnswer.swift in Sources */ = {isa = PBXBuildFile; fileRef = 234B607E252ECDA2008C2284 /* RongAnswer.swift */; };
		234B6088252F768C008C2284 /* success.mp3 in Resources */ = {isa = PBXBuildFile; fileRef = 234B6087252F768B008C2284 /* success.mp3 */; };
		234B608B252F7796008C2284 /* fail-trombone-01.mp3 in Resources */ = {isa = PBXBuildFile; fileRef = 234B608A252F7795008C2284 /* fail-trombone-01.mp3 */; };
		234B608E252F7C21008C2284 /* User.swift in Sources */ = {isa = PBXBuildFile; fileRef = 234B608D252F7C21008C2284 /* User.swift */; };
/* End PBXBuildFile section */

/* Begin PBXFileReference section */
		23397CA2252DEA460078D3B9 /* Yasir_Test.app */ = {isa = PBXFileReference; explicitFileType = wrapper.application; includeInIndex = 0; path = Yasir_Test.app; sourceTree = BUILT_PRODUCTS_DIR; };
		23397CA5252DEA460078D3B9 /* test22App.swift */ = {isa = PBXFileReference; lastKnownFileType = sourcecode.swift; path = test22App.swift; sourceTree = "<group>"; };
		23397CA7252DEA460078D3B9 /* 5.swift */ = {isa = PBXFileReference; lastKnownFileType = sourcecode.swift; path = 5.swift; sourceTree = "<group>"; };
		23397CA9252DEA460078D3B9 /* Assets.xcassets */ = {isa = PBXFileReference; lastKnownFileType = folder.assetcatalog; path = Assets.xcassets; sourceTree = "<group>"; };
		23397CAC252DEA460078D3B9 /* Preview Assets.xcassets */ = {isa = PBXFileReference; lastKnownFileType = folder.assetcatalog; path = "Preview Assets.xcassets"; sourceTree = "<group>"; };
		23397CAE252DEA460078D3B9 /* Info.plist */ = {isa = PBXFileReference; lastKnownFileType = text.plist.xml; path = Info.plist; sourceTree = "<group>"; };
		23397CB6252E0E060078D3B9 /* multiplication.swift */ = {isa = PBXFileReference; lastKnownFileType = sourcecode.swift; path = multiplication.swift; sourceTree = "<group>"; tabWidth = 10; usesTabs = 0; };
		234B6078252EBC75008C2284 /* GoodJob.swift */ = {isa = PBXFileReference; lastKnownFileType = sourcecode.swift; path = GoodJob.swift; sourceTree = "<group>"; };
		234B607B252ECBE6008C2284 /* preview.mp3 */ = {isa = PBXFileReference; lastKnownFileType = audio.mp3; path = preview.mp3; sourceTree = "<group>"; };
		234B607E252ECDA2008C2284 /* RongAnswer.swift */ = {isa = PBXFileReference; lastKnownFileType = sourcecode.swift; path = RongAnswer.swift; sourceTree = "<group>"; };
		234B6087252F768B008C2284 /* success.mp3 */ = {isa = PBXFileReference; lastKnownFileType = audio.mp3; path = success.mp3; sourceTree = "<group>"; };
		234B608A252F7795008C2284 /* fail-trombone-01.mp3 */ = {isa = PBXFileReference; lastKnownFileType = audio.mp3; path = "fail-trombone-01.mp3"; sourceTree = "<group>"; };
		234B608D252F7C21008C2284 /* User.swift */ = {isa = PBXFileReference; lastKnownFileType = sourcecode.swift; path = User.swift; sourceTree = "<group>"; };
/* End PBXFileReference section */

/* Begin PBXFrameworksBuildPhase section */
		23397C9F252DEA460078D3B9 /* Frameworks */ = {
			isa = PBXFrameworksBuildPhase;
			buildActionMask = 2147483647;
			files = (
			);
			runOnlyForDeploymentPostprocessing = 0;
		};
/* End PBXFrameworksBuildPhase section */

/* Begin PBXGroup section */
		23397C99252DEA460078D3B9 = {
			isa = PBXGroup;
			children = (
				23397CA4252DEA460078D3B9 /* test22 */,
				23397CA3252DEA460078D3B9 /* Products */,
			);
			sourceTree = "<group>";
		};
		23397CA3252DEA460078D3B9 /* Products */ = {
			isa = PBXGroup;
			children = (
				23397CA2252DEA460078D3B9 /* Yasir_Test.app */,
			);
			name = Products;
			sourceTree = "<group>";
		};
		23397CA4252DEA460078D3B9 /* test22 */ = {
			isa = PBXGroup;
			children = (
				23397CA5252DEA460078D3B9 /* test22App.swift */,
				23397CA7252DEA460078D3B9 /* 5.swift */,
				23397CA9252DEA460078D3B9 /* Assets.xcassets */,
				23397CAE252DEA460078D3B9 /* Info.plist */,
				23397CAB252DEA460078D3B9 /* Preview Content */,
				23397CB6252E0E060078D3B9 /* multiplication.swift */,
				234B6087252F768B008C2284 /* success.mp3 */,
				234B607B252ECBE6008C2284 /* preview.mp3 */,
				234B608A252F7795008C2284 /* fail-trombone-01.mp3 */,
				234B6078252EBC75008C2284 /* GoodJob.swift */,
				234B607E252ECDA2008C2284 /* RongAnswer.swift */,
				234B608D252F7C21008C2284 /* User.swift */,
			);
			path = test22;
			sourceTree = "<group>";
		};
		23397CAB252DEA460078D3B9 /* Preview Content */ = {
			isa = PBXGroup;
			children = (
				23397CAC252DEA460078D3B9 /* Preview Assets.xcassets */,
			);
			path = "Preview Content";
			sourceTree = "<group>";
		};
/* End PBXGroup section */

/* Begin PBXNativeTarget section */
		23397CA1252DEA460078D3B9 /* Yasir_Test */ = {
			isa = PBXNativeTarget;
			buildConfigurationList = 23397CB1252DEA460078D3B9 /* Build configuration list for PBXNativeTarget "Yasir_Test" */;
			buildPhases = (
				23397C9E252DEA460078D3B9 /* Sources */,
				23397C9F252DEA460078D3B9 /* Frameworks */,
				23397CA0252DEA460078D3B9 /* Resources */,
			);
			buildRules = (
			);
			dependencies = (
			);
			name = Yasir_Test;
			productName = test22;
			productReference = 23397CA2252DEA460078D3B9 /* Yasir_Test.app */;
			productType = "com.apple.product-type.application";
		};
/* End PBXNativeTarget section */

/* Begin PBXProject section */
		23397C9A252DEA460078D3B9 /* Project object */ = {
			isa = PBXProject;
			attributes = {
				LastSwiftUpdateCheck = 1200;
				LastUpgradeCheck = 1200;
				TargetAttributes = {
					23397CA1252DEA460078D3B9 = {
						CreatedOnToolsVersion = 12.0.1;
					};
				};
			};
			buildConfigurationList = 23397C9D252DEA460078D3B9 /* Build configuration list for PBXProject "Yasir_Test" */;
			compatibilityVersion = "Xcode 9.3";
			developmentRegion = en;
			hasScannedForEncodings = 0;
			knownRegions = (
				en,
				Base,
			);
			mainGroup = 23397C99252DEA460078D3B9;
			productRefGroup = 23397CA3252DEA460078D3B9 /* Products */;
			projectDirPath = "";
			projectRoot = "";
			targets = (
				23397CA1252DEA460078D3B9 /* Yasir_Test */,
			);
		};
/* End PBXProject section */

/* Begin PBXResourcesBuildPhase section */
		23397CA0252DEA460078D3B9 /* Resources */ = {
			isa = PBXResourcesBuildPhase;
			buildActionMask = 2147483647;
			files = (
				23397CAD252DEA460078D3B9 /* Preview Assets.xcassets in Resources */,
				23397CAA252DEA460078D3B9 /* Assets.xcassets in Resources */,
				234B6088252F768C008C2284 /* success.mp3 in Resources */,
				234B607C252ECBE6008C2284 /* preview.mp3 in Resources */,
				234B608B252F7796008C2284 /* fail-trombone-01.mp3 in Resources */,
			);
			runOnlyForDeploymentPostprocessing = 0;
		};
/* End PBXResourcesBuildPhase section */

/* Begin PBXSourcesBuildPhase section */
		23397C9E252DEA460078D3B9 /* Sources */ = {
			isa = PBXSourcesBuildPhase;
			buildActionMask = 2147483647;
			files = (
				234B6079252EBC75008C2284 /* GoodJob.swift in Sources */,
				234B607F252ECDA2008C2284 /* RongAnswer.swift in Sources */,
				23397CB7252E0E060078D3B9 /* multiplication.swift in Sources */,
				23397CA8252DEA460078D3B9 /* 5.swift in Sources */,
				234B608E252F7C21008C2284 /* User.swift in Sources */,
				23397CA6252DEA460078D3B9 /* test22App.swift in Sources */,
			);
			runOnlyForDeploymentPostprocessing = 0;
		};
/* End PBXSourcesBuildPhase section */

/* Begin XCBuildConfiguration section */
		23397CAF252DEA460078D3B9 /* Debug */ = {
			isa = XCBuildConfiguration;
			buildSettings = {
				ALWAYS_SEARCH_USER_PATHS = NO;
				CLANG_ANALYZER_NONNULL = YES;
				CLANG_ANALYZER_NUMBER_OBJECT_CONVERSION = YES_AGGRESSIVE;
				CLANG_CXX_LANGUAGE_STANDARD = "gnu++14";
				CLANG_CXX_LIBRARY = "libc++";
				CLANG_ENABLE_MODULES = YES;
				CLANG_ENABLE_OBJC_ARC = YES;
				CLANG_ENABLE_OBJC_WEAK = YES;
				CLANG_WARN_BLOCK_CAPTURE_AUTORELEASING = YES;
				CLANG_WARN_BOOL_CONVERSION = YES;
				CLANG_WARN_COMMA = YES;
				CLANG_WARN_CONSTANT_CONVERSION = YES;
				CLANG_WARN_DEPRECATED_OBJC_IMPLEMENTATIONS = YES;
				CLANG_WARN_DIRECT_OBJC_ISA_USAGE = YES_ERROR;
				CLANG_WARN_DOCUMENTATION_COMMENTS = YES;
				CLANG_WARN_EMPTY_BODY = YES;
				CLANG_WARN_ENUM_CONVERSION = YES;
				CLANG_WARN_INFINITE_RECURSION = YES;
				CLANG_WARN_INT_CONVERSION = YES;
				CLANG_WARN_NON_LITERAL_NULL_CONVERSION = YES;
				CLANG_WARN_OBJC_IMPLICIT_RETAIN_SELF = YES;
				CLANG_WARN_OBJC_LITERAL_CONVERSION = YES;
				CLANG_WARN_OBJC_ROOT_CLASS = YES_ERROR;
				CLANG_WARN_QUOTED_INCLUDE_IN_FRAMEWORK_HEADER = YES;
				CLANG_WARN_RANGE_LOOP_ANALYSIS = YES;
				CLANG_WARN_STRICT_PROTOTYPES = YES;
				CLANG_WARN_SUSPICIOUS_MOVE = YES;
				CLANG_WARN_UNGUARDED_AVAILABILITY = YES_AGGRESSIVE;
				CLANG_WARN_UNREACHABLE_CODE = YES;
				CLANG_WARN__DUPLICATE_METHOD_MATCH = YES;
				COPY_PHASE_STRIP = NO;
				DEBUG_INFORMATION_FORMAT = dwarf;
				ENABLE_STRICT_OBJC_MSGSEND = YES;
				ENABLE_TESTABILITY = YES;
				GCC_C_LANGUAGE_STANDARD = gnu11;
				GCC_DYNAMIC_NO_PIC = NO;
				GCC_NO_COMMON_BLOCKS = YES;
				GCC_OPTIMIZATION_LEVEL = 0;
				GCC_PREPROCESSOR_DEFINITIONS = (
					"DEBUG=1",
					"$(inherited)",
				);
				GCC_WARN_64_TO_32_BIT_CONVERSION = YES;
				GCC_WARN_ABOUT_RETURN_TYPE = YES_ERROR;
				GCC_WARN_UNDECLARED_SELECTOR = YES;
				GCC_WARN_UNINITIALIZED_AUTOS = YES_AGGRESSIVE;
				GCC_WARN_UNUSED_FUNCTION = YES;
				GCC_WARN_UNUSED_VARIABLE = YES;
				IPHONEOS_DEPLOYMENT_TARGET = 14.0;
				MTL_ENABLE_DEBUG_INFO = INCLUDE_SOURCE;
				MTL_FAST_MATH = YES;
				ONLY_ACTIVE_ARCH = YES;
				SDKROOT = iphoneos;
				SWIFT_ACTIVE_COMPILATION_CONDITIONS = DEBUG;
				SWIFT_OPTIMIZATION_LEVEL = "-Onone";
			};
			name = Debug;
		};
		23397CB0252DEA460078D3B9 /* Release */ = {
			isa = XCBuildConfiguration;
			buildSettings = {
				ALWAYS_SEARCH_USER_PATHS = NO;
				CLANG_ANALYZER_NONNULL = YES;
				CLANG_ANALYZER_NUMBER_OBJECT_CONVERSION = YES_AGGRESSIVE;
				CLANG_CXX_LANGUAGE_STANDARD = "gnu++14";
				CLANG_CXX_LIBRARY = "libc++";
				CLANG_ENABLE_MODULES = YES;
				CLANG_ENABLE_OBJC_ARC = YES;
				CLANG_ENABLE_OBJC_WEAK = YES;
				CLANG_WARN_BLOCK_CAPTURE_AUTORELEASING = YES;
				CLANG_WARN_BOOL_CONVERSION = YES;
				CLANG_WARN_COMMA = YES;
				CLANG_WARN_CONSTANT_CONVERSION = YES;
				CLANG_WARN_DEPRECATED_OBJC_IMPLEMENTATIONS = YES;
				CLANG_WARN_DIRECT_OBJC_ISA_USAGE = YES_ERROR;
				CLANG_WARN_DOCUMENTATION_COMMENTS = YES;
				CLANG_WARN_EMPTY_BODY = YES;
				CLANG_WARN_ENUM_CONVERSION = YES;
				CLANG_WARN_INFINITE_RECURSION = YES;
				CLANG_WARN_INT_CONVERSION = YES;
				CLANG_WARN_NON_LITERAL_NULL_CONVERSION = YES;
				CLANG_WARN_OBJC_IMPLICIT_RETAIN_SELF = YES;
				CLANG_WARN_OBJC_LITERAL_CONVERSION = YES;
				CLANG_WARN_OBJC_ROOT_CLASS = YES_ERROR;
				CLANG_WARN_QUOTED_INCLUDE_IN_FRAMEWORK_HEADER = YES;
				CLANG_WARN_RANGE_LOOP_ANALYSIS = YES;
				CLANG_WARN_STRICT_PROTOTYPES = YES;
				CLANG_WARN_SUSPICIOUS_MOVE = YES;
				CLANG_WARN_UNGUARDED_AVAILABILITY = YES_AGGRESSIVE;
				CLANG_WARN_UNREACHABLE_CODE = YES;
				CLANG_WARN__DUPLICATE_METHOD_MATCH = YES;
				COPY_PHASE_STRIP = NO;
				DEBUG_INFORMATION_FORMAT = "dwarf-with-dsym";
				ENABLE_NS_ASSERTIONS = NO;
				ENABLE_STRICT_OBJC_MSGSEND = YES;
				GCC_C_LANGUAGE_STANDARD = gnu11;
				GCC_NO_COMMON_BLOCKS = YES;
				GCC_WARN_64_TO_32_BIT_CONVERSION = YES;
				GCC_WARN_ABOUT_RETURN_TYPE = YES_ERROR;
				GCC_WARN_UNDECLARED_SELECTOR = YES;
				GCC_WARN_UNINITIALIZED_AUTOS = YES_AGGRESSIVE;
				GCC_WARN_UNUSED_FUNCTION = YES;
				GCC_WARN_UNUSED_VARIABLE = YES;
				IPHONEOS_DEPLOYMENT_TARGET = 14.0;
				MTL_ENABLE_DEBUG_INFO = NO;
				MTL_FAST_MATH = YES;
				SDKROOT = iphoneos;
				SWIFT_COMPILATION_MODE = wholemodule;
				SWIFT_OPTIMIZATION_LEVEL = "-O";
				VALIDATE_PRODUCT = YES;
			};
			name = Release;
		};
		23397CB2252DEA460078D3B9 /* Debug */ = {
			isa = XCBuildConfiguration;
			buildSettings = {
				ASSETCATALOG_COMPILER_APPICON_NAME = AppIcon;
				ASSETCATALOG_COMPILER_GLOBAL_ACCENT_COLOR_NAME = AccentColor;
				CODE_SIGN_STYLE = Automatic;
				DEVELOPMENT_ASSET_PATHS = "\"test22/Preview Content\"";
				DEVELOPMENT_TEAM = F788WA65H3;
				ENABLE_PREVIEWS = YES;
				INFOPLIST_FILE = test22/Info.plist;
				IPHONEOS_DEPLOYMENT_TARGET = 14.0;
				LD_RUNPATH_SEARCH_PATHS = (
					"$(inherited)",
					"@executable_path/Frameworks",
				);
				PRODUCT_BUNDLE_IDENTIFIER = com.naeemIT.test22;
				PRODUCT_NAME = "$(TARGET_NAME)";
				SWIFT_VERSION = 5.0;
				TARGETED_DEVICE_FAMILY = "1,2";
			};
			name = Debug;
		};
		23397CB3252DEA460078D3B9 /* Release */ = {
			isa = XCBuildConfiguration;
			buildSettings = {
				ASSETCATALOG_COMPILER_APPICON_NAME = AppIcon;
				ASSETCATALOG_COMPILER_GLOBAL_ACCENT_COLOR_NAME = AccentColor;
				CODE_SIGN_STYLE = Automatic;
				DEVELOPMENT_ASSET_PATHS = "\"test22/Preview Content\"";
				DEVELOPMENT_TEAM = F788WA65H3;
				ENABLE_PREVIEWS = YES;
				INFOPLIST_FILE = test22/Info.plist;
				IPHONEOS_DEPLOYMENT_TARGET = 14.0;
				LD_RUNPATH_SEARCH_PATHS = (
					"$(inherited)",
					"@executable_path/Frameworks",
				);
				PRODUCT_BUNDLE_IDENTIFIER = com.naeemIT.test22;
				PRODUCT_NAME = "$(TARGET_NAME)";
				SWIFT_VERSION = 5.0;
				TARGETED_DEVICE_FAMILY = "1,2";
			};
			name = Release;
		};
/* End XCBuildConfiguration section */

/* Begin XCConfigurationList section */
		23397C9D252DEA460078D3B9 /* Build configuration list for PBXProject "Yasir_Test" */ = {
			isa = XCConfigurationList;
			buildConfigurations = (
				23397CAF252DEA460078D3B9 /* Debug */,
				23397CB0252DEA460078D3B9 /* Release */,
			);
			defaultConfigurationIsVisible = 0;
			defaultConfigurationName = Release;
		};
		23397CB1252DEA460078D3B9 /* Build configuration list for PBXNativeTarget "Yasir_Test" */ = {
			isa = XCConfigurationList;
			buildConfigurations = (
				23397CB2252DEA460078D3B9 /* Debug */,
				23397CB3252DEA460078D3B9 /* Release */,
			);
			defaultConfigurationIsVisible = 0;
			defaultConfigurationName = Release;
		};
/* End XCConfigurationList section */
	};
	rootObject = 23397C9A252DEA460078D3B9 /* Project object */;
}
