// !$*UTF8*$!
{
	archiveVersion = 1;
	classes = {
	};
	objectVersion = 50;
	objects = {

/* Begin PBXBuildFile section */
		234DC8C82621615D00C6C324 /* alarmNoize .mp3 in Resources */ = {isa = PBXBuildFile; fileRef = 234DC8C72621615D00C6C324 /* alarmNoize .mp3 */; };
		23554395262154AA0041B17F /* audioEffect.swift in Sources */ = {isa = PBXBuildFile; fileRef = 23554394262154AA0041B17F /* audioEffect.swift */; };
		2355439F26215F980041B17F /* clock6.mp3 in Resources */ = {isa = PBXBuildFile; fileRef = 2355439E26215F980041B17F /* clock6.mp3 */; };
		235F63A1261989CA00873809 /* AppDelegate.swift in Sources */ = {isa = PBXBuildFile; fileRef = 235F63A0261989CA00873809 /* AppDelegate.swift */; };
		235F63A3261989CA00873809 /* SceneDelegate.swift in Sources */ = {isa = PBXBuildFile; fileRef = 235F63A2261989CA00873809 /* SceneDelegate.swift */; };
		235F63A5261989CA00873809 /* ContentView.swift in Sources */ = {isa = PBXBuildFile; fileRef = 235F63A4261989CA00873809 /* ContentView.swift */; };
		235F63A7261989CB00873809 /* Assets.xcassets in Resources */ = {isa = PBXBuildFile; fileRef = 235F63A6261989CB00873809 /* Assets.xcassets */; };
		235F63AA261989CB00873809 /* Preview Assets.xcassets in Resources */ = {isa = PBXBuildFile; fileRef = 235F63A9261989CB00873809 /* Preview Assets.xcassets */; };
		235F63AD261989CB00873809 /* LaunchScreen.storyboard in Resources */ = {isa = PBXBuildFile; fileRef = 235F63AB261989CB00873809 /* LaunchScreen.storyboard */; };
/* End PBXBuildFile section */

/* Begin PBXFileReference section */
		234DC8C72621615D00C6C324 /* alarmNoize .mp3 */ = {isa = PBXFileReference; lastKnownFileType = audio.mp3; path = "alarmNoize .mp3"; sourceTree = "<group>"; };
		23554394262154AA0041B17F /* audioEffect.swift */ = {isa = PBXFileReference; fileEncoding = 4; lastKnownFileType = sourcecode.swift; path = audioEffect.swift; sourceTree = "<group>"; };
		2355439E26215F980041B17F /* clock6.mp3 */ = {isa = PBXFileReference; lastKnownFileType = audio.mp3; path = clock6.mp3; sourceTree = "<group>"; };
		235F639D261989CA00873809 /* zstak.app */ = {isa = PBXFileReference; explicitFileType = wrapper.application; includeInIndex = 0; path = zstak.app; sourceTree = BUILT_PRODUCTS_DIR; };
		235F63A0261989CA00873809 /* AppDelegate.swift */ = {isa = PBXFileReference; lastKnownFileType = sourcecode.swift; path = AppDelegate.swift; sourceTree = "<group>"; };
		235F63A2261989CA00873809 /* SceneDelegate.swift */ = {isa = PBXFileReference; lastKnownFileType = sourcecode.swift; path = SceneDelegate.swift; sourceTree = "<group>"; };
		235F63A4261989CA00873809 /* ContentView.swift */ = {isa = PBXFileReference; lastKnownFileType = sourcecode.swift; path = ContentView.swift; sourceTree = "<group>"; };
		235F63A6261989CB00873809 /* Assets.xcassets */ = {isa = PBXFileReference; lastKnownFileType = folder.assetcatalog; path = Assets.xcassets; sourceTree = "<group>"; };
		235F63A9261989CB00873809 /* Preview Assets.xcassets */ = {isa = PBXFileReference; lastKnownFileType = folder.assetcatalog; path = "Preview Assets.xcassets"; sourceTree = "<group>"; };
		235F63AC261989CB00873809 /* Base */ = {isa = PBXFileReference; lastKnownFileType = file.storyboard; name = Base; path = Base.lproj/LaunchScreen.storyboard; sourceTree = "<group>"; };
		235F63AE261989CB00873809 /* Info.plist */ = {isa = PBXFileReference; lastKnownFileType = text.plist.xml; path = Info.plist; sourceTree = "<group>"; };
/* End PBXFileReference section */

/* Begin PBXFrameworksBuildPhase section */
		235F639A261989CA00873809 /* Frameworks */ = {
			isa = PBXFrameworksBuildPhase;
			buildActionMask = 2147483647;
			files = (
			);
			runOnlyForDeploymentPostprocessing = 0;
		};
/* End PBXFrameworksBuildPhase section */

/* Begin PBXGroup section */
		235F6394261989CA00873809 = {
			isa = PBXGroup;
			children = (
				235F639F261989CA00873809 /* zstak */,
				235F639E261989CA00873809 /* Products */,
			);
			sourceTree = "<group>";
		};
		235F639E261989CA00873809 /* Products */ = {
			isa = PBXGroup;
			children = (
				235F639D261989CA00873809 /* zstak.app */,
			);
			name = Products;
			sourceTree = "<group>";
		};
		235F639F261989CA00873809 /* zstak */ = {
			isa = PBXGroup;
			children = (
				235F63A0261989CA00873809 /* AppDelegate.swift */,
				235F63A2261989CA00873809 /* SceneDelegate.swift */,
				235F63A4261989CA00873809 /* ContentView.swift */,
				235F63A6261989CB00873809 /* Assets.xcassets */,
				23554394262154AA0041B17F /* audioEffect.swift */,
				2355439E26215F980041B17F /* clock6.mp3 */,
				234DC8C72621615D00C6C324 /* alarmNoize .mp3 */,
				235F63AB261989CB00873809 /* LaunchScreen.storyboard */,
				235F63AE261989CB00873809 /* Info.plist */,
				235F63A8261989CB00873809 /* Preview Content */,
			);
			path = zstak;
			sourceTree = "<group>";
		};
		235F63A8261989CB00873809 /* Preview Content */ = {
			isa = PBXGroup;
			children = (
				235F63A9261989CB00873809 /* Preview Assets.xcassets */,
			);
			path = "Preview Content";
			sourceTree = "<group>";
		};
/* End PBXGroup section */

/* Begin PBXNativeTarget section */
		235F639C261989CA00873809 /* zstak */ = {
			isa = PBXNativeTarget;
			buildConfigurationList = 235F63B1261989CB00873809 /* Build configuration list for PBXNativeTarget "zstak" */;
			buildPhases = (
				235F6399261989CA00873809 /* Sources */,
				235F639A261989CA00873809 /* Frameworks */,
				235F639B261989CA00873809 /* Resources */,
			);
			buildRules = (
			);
			dependencies = (
			);
			name = zstak;
			productName = zstak;
			productReference = 235F639D261989CA00873809 /* zstak.app */;
			productType = "com.apple.product-type.application";
		};
/* End PBXNativeTarget section */

/* Begin PBXProject section */
		235F6395261989CA00873809 /* Project object */ = {
			isa = PBXProject;
			attributes = {
				LastSwiftUpdateCheck = 1240;
				LastUpgradeCheck = 1240;
				TargetAttributes = {
					235F639C261989CA00873809 = {
						CreatedOnToolsVersion = 12.4;
					};
				};
			};
			buildConfigurationList = 235F6398261989CA00873809 /* Build configuration list for PBXProject "zstak" */;
			compatibilityVersion = "Xcode 9.3";
			developmentRegion = en;
			hasScannedForEncodings = 0;
			knownRegions = (
				en,
				Base,
			);
			mainGroup = 235F6394261989CA00873809;
			productRefGroup = 235F639E261989CA00873809 /* Products */;
			projectDirPath = "";
			projectRoot = "";
			targets = (
				235F639C261989CA00873809 /* zstak */,
			);
		};
/* End PBXProject section */

/* Begin PBXResourcesBuildPhase section */
		235F639B261989CA00873809 /* Resources */ = {
			isa = PBXResourcesBuildPhase;
			buildActionMask = 2147483647;
			files = (
				235F63AD261989CB00873809 /* LaunchScreen.storyboard in Resources */,
				235F63AA261989CB00873809 /* Preview Assets.xcassets in Resources */,
				234DC8C82621615D00C6C324 /* alarmNoize .mp3 in Resources */,
				2355439F26215F980041B17F /* clock6.mp3 in Resources */,
				235F63A7261989CB00873809 /* Assets.xcassets in Resources */,
			);
			runOnlyForDeploymentPostprocessing = 0;
		};
/* End PBXResourcesBuildPhase section */

/* Begin PBXSourcesBuildPhase section */
		235F6399261989CA00873809 /* Sources */ = {
			isa = PBXSourcesBuildPhase;
			buildActionMask = 2147483647;
			files = (
				235F63A1261989CA00873809 /* AppDelegate.swift in Sources */,
				235F63A3261989CA00873809 /* SceneDelegate.swift in Sources */,
				235F63A5261989CA00873809 /* ContentView.swift in Sources */,
				23554395262154AA0041B17F /* audioEffect.swift in Sources */,
			);
			runOnlyForDeploymentPostprocessing = 0;
		};
/* End PBXSourcesBuildPhase section */

/* Begin PBXVariantGroup section */
		235F63AB261989CB00873809 /* LaunchScreen.storyboard */ = {
			isa = PBXVariantGroup;
			children = (
				235F63AC261989CB00873809 /* Base */,
			);
			name = LaunchScreen.storyboard;
			sourceTree = "<group>";
		};
/* End PBXVariantGroup section */

/* Begin XCBuildConfiguration section */
		235F63AF261989CB00873809 /* Debug */ = {
			isa = XCBuildConfiguration;
			buildSettings = {
				ALWAYS_SEARCH_USER_PATHS = NO;
				CLANG_ANALYZER_NONNULL = YES;
				CLANG_ANALYZER_NUMBER_OBJECT_CONVERSION = YES_AGGRESSIVE;
				CLANG_CXX_LANGUAGE_STANDARD = "gnu++14";
				CLANG_CXX_LIBRARY = "libc++";
				CLANG_ENABLE_MODULES = YES;
				CLANG_ENABLE_OBJC_ARC = YES;
				CLANG_ENABLE_OBJC_WEAK = YES;
				CLANG_WARN_BLOCK_CAPTURE_AUTORELEASING = YES;
				CLANG_WARN_BOOL_CONVERSION = YES;
				CLANG_WARN_COMMA = YES;
				CLANG_WARN_CONSTANT_CONVERSION = YES;
				CLANG_WARN_DEPRECATED_OBJC_IMPLEMENTATIONS = YES;
				CLANG_WARN_DIRECT_OBJC_ISA_USAGE = YES_ERROR;
				CLANG_WARN_DOCUMENTATION_COMMENTS = YES;
				CLANG_WARN_EMPTY_BODY = YES;
				CLANG_WARN_ENUM_CONVERSION = YES;
				CLANG_WARN_INFINITE_RECURSION = YES;
				CLANG_WARN_INT_CONVERSION = YES;
				CLANG_WARN_NON_LITERAL_NULL_CONVERSION = YES;
				CLANG_WARN_OBJC_IMPLICIT_RETAIN_SELF = YES;
				CLANG_WARN_OBJC_LITERAL_CONVERSION = YES;
				CLANG_WARN_OBJC_ROOT_CLASS = YES_ERROR;
				CLANG_WARN_QUOTED_INCLUDE_IN_FRAMEWORK_HEADER = YES;
				CLANG_WARN_RANGE_LOOP_ANALYSIS = YES;
				CLANG_WARN_STRICT_PROTOTYPES = YES;
				CLANG_WARN_SUSPICIOUS_MOVE = YES;
				CLANG_WARN_UNGUARDED_AVAILABILITY = YES_AGGRESSIVE;
				CLANG_WARN_UNREACHABLE_CODE = YES;
				CLANG_WARN__DUPLICATE_METHOD_MATCH = YES;
				COPY_PHASE_STRIP = NO;
				DEBUG_INFORMATION_FORMAT = dwarf;
				ENABLE_STRICT_OBJC_MSGSEND = YES;
				ENABLE_TESTABILITY = YES;
				GCC_C_LANGUAGE_STANDARD = gnu11;
				GCC_DYNAMIC_NO_PIC = NO;
				GCC_NO_COMMON_BLOCKS = YES;
				GCC_OPTIMIZATION_LEVEL = 0;
				GCC_PREPROCESSOR_DEFINITIONS = (
					"DEBUG=1",
					"$(inherited)",
				);
				GCC_WARN_64_TO_32_BIT_CONVERSION = YES;
				GCC_WARN_ABOUT_RETURN_TYPE = YES_ERROR;
				GCC_WARN_UNDECLARED_SELECTOR = YES;
				GCC_WARN_UNINITIALIZED_AUTOS = YES_AGGRESSIVE;
				GCC_WARN_UNUSED_FUNCTION = YES;
				GCC_WARN_UNUSED_VARIABLE = YES;
				IPHONEOS_DEPLOYMENT_TARGET = 14.4;
				MTL_ENABLE_DEBUG_INFO = INCLUDE_SOURCE;
				MTL_FAST_MATH = YES;
				ONLY_ACTIVE_ARCH = YES;
				SDKROOT = iphoneos;
				SWIFT_ACTIVE_COMPILATION_CONDITIONS = DEBUG;
				SWIFT_OPTIMIZATION_LEVEL = "-Onone";
			};
			name = Debug;
		};
		235F63B0261989CB00873809 /* Release */ = {
			isa = XCBuildConfiguration;
			buildSettings = {
				ALWAYS_SEARCH_USER_PATHS = NO;
				CLANG_ANALYZER_NONNULL = YES;
				CLANG_ANALYZER_NUMBER_OBJECT_CONVERSION = YES_AGGRESSIVE;
				CLANG_CXX_LANGUAGE_STANDARD = "gnu++14";
				CLANG_CXX_LIBRARY = "libc++";
				CLANG_ENABLE_MODULES = YES;
				CLANG_ENABLE_OBJC_ARC = YES;
				CLANG_ENABLE_OBJC_WEAK = YES;
				CLANG_WARN_BLOCK_CAPTURE_AUTORELEASING = YES;
				CLANG_WARN_BOOL_CONVERSION = YES;
				CLANG_WARN_COMMA = YES;
				CLANG_WARN_CONSTANT_CONVERSION = YES;
				CLANG_WARN_DEPRECATED_OBJC_IMPLEMENTATIONS = YES;
				CLANG_WARN_DIRECT_OBJC_ISA_USAGE = YES_ERROR;
				CLANG_WARN_DOCUMENTATION_COMMENTS = YES;
				CLANG_WARN_EMPTY_BODY = YES;
				CLANG_WARN_ENUM_CONVERSION = YES;
				CLANG_WARN_INFINITE_RECURSION = YES;
				CLANG_WARN_INT_CONVERSION = YES;
				CLANG_WARN_NON_LITERAL_NULL_CONVERSION = YES;
				CLANG_WARN_OBJC_IMPLICIT_RETAIN_SELF = YES;
				CLANG_WARN_OBJC_LITERAL_CONVERSION = YES;
				CLANG_WARN_OBJC_ROOT_CLASS = YES_ERROR;
				CLANG_WARN_QUOTED_INCLUDE_IN_FRAMEWORK_HEADER = YES;
				CLANG_WARN_RANGE_LOOP_ANALYSIS = YES;
				CLANG_WARN_STRICT_PROTOTYPES = YES;
				CLANG_WARN_SUSPICIOUS_MOVE = YES;
				CLANG_WARN_UNGUARDED_AVAILABILITY = YES_AGGRESSIVE;
				CLANG_WARN_UNREACHABLE_CODE = YES;
				CLANG_WARN__DUPLICATE_METHOD_MATCH = YES;
				COPY_PHASE_STRIP = NO;
				DEBUG_INFORMATION_FORMAT = "dwarf-with-dsym";
				ENABLE_NS_ASSERTIONS = NO;
				ENABLE_STRICT_OBJC_MSGSEND = YES;
				GCC_C_LANGUAGE_STANDARD = gnu11;
				GCC_NO_COMMON_BLOCKS = YES;
				GCC_WARN_64_TO_32_BIT_CONVERSION = YES;
				GCC_WARN_ABOUT_RETURN_TYPE = YES_ERROR;
				GCC_WARN_UNDECLARED_SELECTOR = YES;
				GCC_WARN_UNINITIALIZED_AUTOS = YES_AGGRESSIVE;
				GCC_WARN_UNUSED_FUNCTION = YES;
				GCC_WARN_UNUSED_VARIABLE = YES;
				IPHONEOS_DEPLOYMENT_TARGET = 14.4;
				MTL_ENABLE_DEBUG_INFO = NO;
				MTL_FAST_MATH = YES;
				SDKROOT = iphoneos;
				SWIFT_COMPILATION_MODE = wholemodule;
				SWIFT_OPTIMIZATION_LEVEL = "-O";
				VALIDATE_PRODUCT = YES;
			};
			name = Release;
		};
		235F63B2261989CB00873809 /* Debug */ = {
			isa = XCBuildConfiguration;
			buildSettings = {
				ASSETCATALOG_COMPILER_APPICON_NAME = AppIcon;
				ASSETCATALOG_COMPILER_GLOBAL_ACCENT_COLOR_NAME = AccentColor;
				CODE_SIGN_STYLE = Automatic;
				DEVELOPMENT_ASSET_PATHS = "\"zstak/Preview Content\"";
				DEVELOPMENT_TEAM = F788WA65H3;
				ENABLE_PREVIEWS = YES;
				INFOPLIST_FILE = zstak/Info.plist;
				LD_RUNPATH_SEARCH_PATHS = (
					"$(inherited)",
					"@executable_path/Frameworks",
				);
				PRODUCT_BUNDLE_IDENTIFIER = com.naeemIT.zstak;
				PRODUCT_NAME = "$(TARGET_NAME)";
				SWIFT_VERSION = 5.0;
				TARGETED_DEVICE_FAMILY = "1,2";
			};
			name = Debug;
		};
		235F63B3261989CB00873809 /* Release */ = {
			isa = XCBuildConfiguration;
			buildSettings = {
				ASSETCATALOG_COMPILER_APPICON_NAME = AppIcon;
				ASSETCATALOG_COMPILER_GLOBAL_ACCENT_COLOR_NAME = AccentColor;
				CODE_SIGN_STYLE = Automatic;
				DEVELOPMENT_ASSET_PATHS = "\"zstak/Preview Content\"";
				DEVELOPMENT_TEAM = F788WA65H3;
				ENABLE_PREVIEWS = YES;
				INFOPLIST_FILE = zstak/Info.plist;
				LD_RUNPATH_SEARCH_PATHS = (
					"$(inherited)",
					"@executable_path/Frameworks",
				);
				PRODUCT_BUNDLE_IDENTIFIER = com.naeemIT.zstak;
				PRODUCT_NAME = "$(TARGET_NAME)";
				SWIFT_VERSION = 5.0;
				TARGETED_DEVICE_FAMILY = "1,2";
			};
			name = Release;
		};
/* End XCBuildConfiguration section */

/* Begin XCConfigurationList section */
		235F6398261989CA00873809 /* Build configuration list for PBXProject "zstak" */ = {
			isa = XCConfigurationList;
			buildConfigurations = (
				235F63AF261989CB00873809 /* Debug */,
				235F63B0261989CB00873809 /* Release */,
			);
			defaultConfigurationIsVisible = 0;
			defaultConfigurationName = Release;
		};
		235F63B1261989CB00873809 /* Build configuration list for PBXNativeTarget "zstak" */ = {
			isa = XCConfigurationList;
			buildConfigurations = (
				235F63B2261989CB00873809 /* Debug */,
				235F63B3261989CB00873809 /* Release */,
			);
			defaultConfigurationIsVisible = 0;
			defaultConfigurationName = Release;
		};
/* End XCConfigurationList section */
	};
	rootObject = 235F6395261989CA00873809 /* Project object */;
}
